{
    "name": "popeye",
    "version": "1.0.0",
    "lockfileVersion": 2,
    "requires": true,
    "packages": {
        "": {
            "name": "popeye",
            "version": "1.0.0",
            "dependencies": {
                "react": "^17.0.2",
                "react-dom": "^17.0.2",
                "react-scripts": "4.0.3",
                "crypto-js": "^4.0.0",
                "socket.io-client": "^4.0.0"
            }
        },
        "node_modules/react": {
            "version": "17.0.2",
            "resolved": "https://registry.npmjs.org/react/-/react-17.0.2.tgz",
            "integrity": "sha512-EXAMPLEHASH"
        },
        "node_modules/react-dom": {
            "version": "17.0.2",
            "resolved": "https://registry.npmjs.org/react-dom/-/react-dom-17.0.2.tgz",
            "integrity": "sha512-EXAMPLEHASH"
        },
        "node_modules/react-scripts": {
            "version": "4.0.3",
            "resolved": "https://registry.npmjs.org/react-scripts/-/react-scripts-4.0.3.tgz",
            "integrity": "sha512-EXAMPLEHASH"
        },
        "node_modules/crypto-js": {
            "version": "4.0.0",
            "resolved": "https://registry.npmjs.org/crypto-js/-/crypto-js-4.0.0.tgz",
            "integrity": "sha512-EXAMPLEHASH"
        },
        "node_modules/socket.io-client": {
            "version": "4.0.0",
            "resolved": "https://registry.npmjs.org/socket.io-client/-/socket.io-client-4.0.0.tgz",
            "integrity": "sha512-EXAMPLEHASH"
        }
    },
    "dependencies": {
        "react": {
            "version": "17.0.2",
            "resolved": "https://registry.npmjs.org/react/-/react-17.0.2.tgz",
            "integrity": "sha512-EXAMPLEHASH"
        },
        "react-dom": {
            "version": "17.0.2",
            "resolved": "https://registry.npmjs.org/react-dom/-/react-dom-17.0.2.tgz",
            "integrity": "sha512-EXAMPLEHASH"
        },
        "react-scripts": {
            "version": "4.0.3",
            "resolved": "https://registry.npmjs.org/react-scripts/-/react-scripts-4.0.3.tgz",
            "integrity": "sha512-EXAMPLEHASH"
        },
        "crypto-js": {
            "version": "4.0.0",
            "resolved": "https://registry.npmjs.org/crypto-js/-/crypto-js-4.0.0.tgz",
            "integrity": "sha512-EXAMPLEHASH"
        },
        "socket.io-client": {
            "version": "4.0.0",
            "resolved": "https://registry.npmjs.org/socket.io-client/-/socket.io-client-4.0.0.tgz",
            "integrity": "sha512-EXAMPLEHASH"
        }
    }
}